// !$*UTF8*$!
{
	archiveVersion = 1;
	classes = {
	};
	objectVersion = 48;
	objects = {

/* Begin PBXBuildFile section */
		44AD7F8321370A0A004DDBE2 /* AppDelegate.swift in Sources */ = {isa = PBXBuildFile; fileRef = 44AD7F8221370A0A004DDBE2 /* AppDelegate.swift */; };
		44AD7F8521370A0A004DDBE2 /* ThingsListViewController.swift in Sources */ = {isa = PBXBuildFile; fileRef = 44AD7F8421370A0A004DDBE2 /* ThingsListViewController.swift */; };
		44AD7F8821370A0A004DDBE2 /* Main.storyboard in Resources */ = {isa = PBXBuildFile; fileRef = 44AD7F8621370A0A004DDBE2 /* Main.storyboard */; };
		44AD7F8A21370A0A004DDBE2 /* Assets.xcassets in Resources */ = {isa = PBXBuildFile; fileRef = 44AD7F8921370A0A004DDBE2 /* Assets.xcassets */; };
		44AD7F8D21370A0A004DDBE2 /* LaunchScreen.storyboard in Resources */ = {isa = PBXBuildFile; fileRef = 44AD7F8B21370A0A004DDBE2 /* LaunchScreen.storyboard */; };
		44AD7F9821370A0A004DDBE2 /* SampleAppTests.swift in Sources */ = {isa = PBXBuildFile; fileRef = 44AD7F9721370A0A004DDBE2 /* SampleAppTests.swift */; };
		44AD7FA321370A0B004DDBE2 /* SampleAppUITests.swift in Sources */ = {isa = PBXBuildFile; fileRef = 44AD7FA221370A0B004DDBE2 /* SampleAppUITests.swift */; };
		44AD7FB221370C8C004DDBE2 /* Thing.swift in Sources */ = {isa = PBXBuildFile; fileRef = 44AD7FB121370C8C004DDBE2 /* Thing.swift */; };
		44AD7FB721370FD3004DDBE2 /* ThingTableViewCell.swift in Sources */ = {isa = PBXBuildFile; fileRef = 44AD7FB621370FD3004DDBE2 /* ThingTableViewCell.swift */; };
		44AD7FB921371040004DDBE2 /* ThingViewModel.swift in Sources */ = {isa = PBXBuildFile; fileRef = 44AD7FB821371040004DDBE2 /* ThingViewModel.swift */; };
		44AD7FBB21371056004DDBE2 /* ThingsListViewModel.swift in Sources */ = {isa = PBXBuildFile; fileRef = 44AD7FBA21371056004DDBE2 /* ThingsListViewModel.swift */; };
		44AD7FBE21371A65004DDBE2 /* APIService.swift in Sources */ = {isa = PBXBuildFile; fileRef = 44AD7FBD21371A65004DDBE2 /* APIService.swift */; };
		44AD7FC021371AF4004DDBE2 /* APIServiceProvider.swift in Sources */ = {isa = PBXBuildFile; fileRef = 44AD7FBF21371AF4004DDBE2 /* APIServiceProvider.swift */; };
		44AD7FC321372451004DDBE2 /* Date+Extension.swift in Sources */ = {isa = PBXBuildFile; fileRef = 44AD7FC221372451004DDBE2 /* Date+Extension.swift */; };
		44AD7FC521372882004DDBE2 /* DateTimeAgoFormattingTests.swift in Sources */ = {isa = PBXBuildFile; fileRef = 44AD7FC421372882004DDBE2 /* DateTimeAgoFormattingTests.swift */; };
/* End PBXBuildFile section */

/* Begin PBXContainerItemProxy section */
		44AD7F9421370A0A004DDBE2 /* PBXContainerItemProxy */ = {
			isa = PBXContainerItemProxy;
			containerPortal = 44AD7F7721370A0A004DDBE2 /* Project object */;
			proxyType = 1;
			remoteGlobalIDString = 44AD7F7E21370A0A004DDBE2;
			remoteInfo = SampleApp;
		};
		44AD7F9F21370A0B004DDBE2 /* PBXContainerItemProxy */ = {
			isa = PBXContainerItemProxy;
			containerPortal = 44AD7F7721370A0A004DDBE2 /* Project object */;
			proxyType = 1;
			remoteGlobalIDString = 44AD7F7E21370A0A004DDBE2;
			remoteInfo = SampleApp;
		};
/* End PBXContainerItemProxy section */

/* Begin PBXFileReference section */
		44AD7F7F21370A0A004DDBE2 /* SampleApp.app */ = {isa = PBXFileReference; explicitFileType = wrapper.application; includeInIndex = 0; path = SampleApp.app; sourceTree = BUILT_PRODUCTS_DIR; };
		44AD7F8221370A0A004DDBE2 /* AppDelegate.swift */ = {isa = PBXFileReference; lastKnownFileType = sourcecode.swift; path = AppDelegate.swift; sourceTree = "<group>"; };
		44AD7F8421370A0A004DDBE2 /* ThingsListViewController.swift */ = {isa = PBXFileReference; lastKnownFileType = sourcecode.swift; path = ThingsListViewController.swift; sourceTree = "<group>"; };
		44AD7F8721370A0A004DDBE2 /* Base */ = {isa = PBXFileReference; lastKnownFileType = file.storyboard; name = Base; path = Base.lproj/Main.storyboard; sourceTree = "<group>"; };
		44AD7F8921370A0A004DDBE2 /* Assets.xcassets */ = {isa = PBXFileReference; lastKnownFileType = folder.assetcatalog; path = Assets.xcassets; sourceTree = "<group>"; };
		44AD7F8C21370A0A004DDBE2 /* Base */ = {isa = PBXFileReference; lastKnownFileType = file.storyboard; name = Base; path = Base.lproj/LaunchScreen.storyboard; sourceTree = "<group>"; };
		44AD7F8E21370A0A004DDBE2 /* Info.plist */ = {isa = PBXFileReference; lastKnownFileType = text.plist.xml; path = Info.plist; sourceTree = "<group>"; };
		44AD7F9321370A0A004DDBE2 /* SampleAppTests.xctest */ = {isa = PBXFileReference; explicitFileType = wrapper.cfbundle; includeInIndex = 0; path = SampleAppTests.xctest; sourceTree = BUILT_PRODUCTS_DIR; };
		44AD7F9721370A0A004DDBE2 /* SampleAppTests.swift */ = {isa = PBXFileReference; lastKnownFileType = sourcecode.swift; path = SampleAppTests.swift; sourceTree = "<group>"; };
		44AD7F9921370A0A004DDBE2 /* Info.plist */ = {isa = PBXFileReference; lastKnownFileType = text.plist.xml; path = Info.plist; sourceTree = "<group>"; };
		44AD7F9E21370A0A004DDBE2 /* SampleAppUITests.xctest */ = {isa = PBXFileReference; explicitFileType = wrapper.cfbundle; includeInIndex = 0; path = SampleAppUITests.xctest; sourceTree = BUILT_PRODUCTS_DIR; };
		44AD7FA221370A0B004DDBE2 /* SampleAppUITests.swift */ = {isa = PBXFileReference; lastKnownFileType = sourcecode.swift; path = SampleAppUITests.swift; sourceTree = "<group>"; };
		44AD7FA421370A0B004DDBE2 /* Info.plist */ = {isa = PBXFileReference; lastKnownFileType = text.plist.xml; path = Info.plist; sourceTree = "<group>"; };
		44AD7FB121370C8C004DDBE2 /* Thing.swift */ = {isa = PBXFileReference; lastKnownFileType = sourcecode.swift; path = Thing.swift; sourceTree = "<group>"; };
		44AD7FB621370FD3004DDBE2 /* ThingTableViewCell.swift */ = {isa = PBXFileReference; lastKnownFileType = sourcecode.swift; path = ThingTableViewCell.swift; sourceTree = "<group>"; };
		44AD7FB821371040004DDBE2 /* ThingViewModel.swift */ = {isa = PBXFileReference; lastKnownFileType = sourcecode.swift; path = ThingViewModel.swift; sourceTree = "<group>"; };
		44AD7FBA21371056004DDBE2 /* ThingsListViewModel.swift */ = {isa = PBXFileReference; lastKnownFileType = sourcecode.swift; path = ThingsListViewModel.swift; sourceTree = "<group>"; };
		44AD7FBD21371A65004DDBE2 /* APIService.swift */ = {isa = PBXFileReference; lastKnownFileType = sourcecode.swift; path = APIService.swift; sourceTree = "<group>"; };
		44AD7FBF21371AF4004DDBE2 /* APIServiceProvider.swift */ = {isa = PBXFileReference; lastKnownFileType = sourcecode.swift; path = APIServiceProvider.swift; sourceTree = "<group>"; };
		44AD7FC221372451004DDBE2 /* Date+Extension.swift */ = {isa = PBXFileReference; lastKnownFileType = sourcecode.swift; path = "Date+Extension.swift"; sourceTree = "<group>"; };
		44AD7FC421372882004DDBE2 /* DateTimeAgoFormattingTests.swift */ = {isa = PBXFileReference; lastKnownFileType = sourcecode.swift; path = DateTimeAgoFormattingTests.swift; sourceTree = "<group>"; };
/* End PBXFileReference section */

/* Begin PBXFrameworksBuildPhase section */
		44AD7F7C21370A0A004DDBE2 /* Frameworks */ = {
			isa = PBXFrameworksBuildPhase;
			buildActionMask = 2147483647;
			files = (
			);
			runOnlyForDeploymentPostprocessing = 0;
		};
		44AD7F9021370A0A004DDBE2 /* Frameworks */ = {
			isa = PBXFrameworksBuildPhase;
			buildActionMask = 2147483647;
			files = (
			);
			runOnlyForDeploymentPostprocessing = 0;
		};
		44AD7F9B21370A0A004DDBE2 /* Frameworks */ = {
			isa = PBXFrameworksBuildPhase;
			buildActionMask = 2147483647;
			files = (
			);
			runOnlyForDeploymentPostprocessing = 0;
		};
/* End PBXFrameworksBuildPhase section */

/* Begin PBXGroup section */
		44AD7F7621370A0A004DDBE2 = {
			isa = PBXGroup;
			children = (
				44AD7F8121370A0A004DDBE2 /* SampleApp */,
				44AD7F9621370A0A004DDBE2 /* SampleAppTests */,
				44AD7FA121370A0B004DDBE2 /* SampleAppUITests */,
				44AD7F8021370A0A004DDBE2 /* Products */,
			);
			sourceTree = "<group>";
		};
		44AD7F8021370A0A004DDBE2 /* Products */ = {
			isa = PBXGroup;
			children = (
				44AD7F7F21370A0A004DDBE2 /* SampleApp.app */,
				44AD7F9321370A0A004DDBE2 /* SampleAppTests.xctest */,
				44AD7F9E21370A0A004DDBE2 /* SampleAppUITests.xctest */,
			);
			name = Products;
			sourceTree = "<group>";
		};
		44AD7F8121370A0A004DDBE2 /* SampleApp */ = {
			isa = PBXGroup;
			children = (
				44AD7F8221370A0A004DDBE2 /* AppDelegate.swift */,
				44AD7FBC21371A4F004DDBE2 /* Service */,
				44AD7FB321370EE3004DDBE2 /* Module */,
				44AD7FB021370C07004DDBE2 /* Model */,
				44AD7FC121372409004DDBE2 /* Utils */,
				44AD7F8621370A0A004DDBE2 /* Main.storyboard */,
				44AD7F8921370A0A004DDBE2 /* Assets.xcassets */,
				44AD7F8B21370A0A004DDBE2 /* LaunchScreen.storyboard */,
				44AD7F8E21370A0A004DDBE2 /* Info.plist */,
			);
			path = SampleApp;
			sourceTree = "<group>";
		};
		44AD7F9621370A0A004DDBE2 /* SampleAppTests */ = {
			isa = PBXGroup;
			children = (
				44AD7F9721370A0A004DDBE2 /* SampleAppTests.swift */,
				44AD7F9921370A0A004DDBE2 /* Info.plist */,
				44AD7FC421372882004DDBE2 /* DateTimeAgoFormattingTests.swift */,
			);
			path = SampleAppTests;
			sourceTree = "<group>";
		};
		44AD7FA121370A0B004DDBE2 /* SampleAppUITests */ = {
			isa = PBXGroup;
			children = (
				44AD7FA221370A0B004DDBE2 /* SampleAppUITests.swift */,
				44AD7FA421370A0B004DDBE2 /* Info.plist */,
			);
			path = SampleAppUITests;
			sourceTree = "<group>";
		};
		44AD7FB021370C07004DDBE2 /* Model */ = {
			isa = PBXGroup;
			children = (
				44AD7FB121370C8C004DDBE2 /* Thing.swift */,
			);
			path = Model;
			sourceTree = "<group>";
		};
		44AD7FB321370EE3004DDBE2 /* Module */ = {
			isa = PBXGroup;
			children = (
				44AD7FB421370FAC004DDBE2 /* ThingsList */,
			);
			path = Module;
			sourceTree = "<group>";
		};
		44AD7FB421370FAC004DDBE2 /* ThingsList */ = {
			isa = PBXGroup;
			children = (
				44AD7FB521370FC1004DDBE2 /* ThingCell */,
				44AD7F8421370A0A004DDBE2 /* ThingsListViewController.swift */,
				44AD7FBA21371056004DDBE2 /* ThingsListViewModel.swift */,
			);
			path = ThingsList;
			sourceTree = "<group>";
		};
		44AD7FB521370FC1004DDBE2 /* ThingCell */ = {
			isa = PBXGroup;
			children = (
				44AD7FB621370FD3004DDBE2 /* ThingTableViewCell.swift */,
				44AD7FB821371040004DDBE2 /* ThingViewModel.swift */,
			);
			path = ThingCell;
			sourceTree = "<group>";
		};
		44AD7FBC21371A4F004DDBE2 /* Service */ = {
			isa = PBXGroup;
			children = (
				44AD7FBD21371A65004DDBE2 /* APIService.swift */,
				44AD7FBF21371AF4004DDBE2 /* APIServiceProvider.swift */,
			);
			path = Service;
			sourceTree = "<group>";
		};
		44AD7FC121372409004DDBE2 /* Utils */ = {
			isa = PBXGroup;
			children = (
				44AD7FC221372451004DDBE2 /* Date+Extension.swift */,
			);
			path = Utils;
			sourceTree = "<group>";
		};
/* End PBXGroup section */

/* Begin PBXNativeTarget section */
		44AD7F7E21370A0A004DDBE2 /* SampleApp */ = {
			isa = PBXNativeTarget;
			buildConfigurationList = 44AD7FA721370A0B004DDBE2 /* Build configuration list for PBXNativeTarget "SampleApp" */;
			buildPhases = (
				44AD7F7B21370A0A004DDBE2 /* Sources */,
				44AD7F7C21370A0A004DDBE2 /* Frameworks */,
				44AD7F7D21370A0A004DDBE2 /* Resources */,
			);
			buildRules = (
			);
			dependencies = (
			);
			name = SampleApp;
			productName = SampleApp;
			productReference = 44AD7F7F21370A0A004DDBE2 /* SampleApp.app */;
			productType = "com.apple.product-type.application";
		};
		44AD7F9221370A0A004DDBE2 /* SampleAppTests */ = {
			isa = PBXNativeTarget;
			buildConfigurationList = 44AD7FAA21370A0B004DDBE2 /* Build configuration list for PBXNativeTarget "SampleAppTests" */;
			buildPhases = (
				44AD7F8F21370A0A004DDBE2 /* Sources */,
				44AD7F9021370A0A004DDBE2 /* Frameworks */,
				44AD7F9121370A0A004DDBE2 /* Resources */,
			);
			buildRules = (
			);
			dependencies = (
				44AD7F9521370A0A004DDBE2 /* PBXTargetDependency */,
			);
			name = SampleAppTests;
			productName = SampleAppTests;
			productReference = 44AD7F9321370A0A004DDBE2 /* SampleAppTests.xctest */;
			productType = "com.apple.product-type.bundle.unit-test";
		};
		44AD7F9D21370A0A004DDBE2 /* SampleAppUITests */ = {
			isa = PBXNativeTarget;
			buildConfigurationList = 44AD7FAD21370A0B004DDBE2 /* Build configuration list for PBXNativeTarget "SampleAppUITests" */;
			buildPhases = (
				44AD7F9A21370A0A004DDBE2 /* Sources */,
				44AD7F9B21370A0A004DDBE2 /* Frameworks */,
				44AD7F9C21370A0A004DDBE2 /* Resources */,
			);
			buildRules = (
			);
			dependencies = (
				44AD7FA021370A0B004DDBE2 /* PBXTargetDependency */,
			);
			name = SampleAppUITests;
			productName = SampleAppUITests;
			productReference = 44AD7F9E21370A0A004DDBE2 /* SampleAppUITests.xctest */;
			productType = "com.apple.product-type.bundle.ui-testing";
		};
/* End PBXNativeTarget section */

/* Begin PBXProject section */
		44AD7F7721370A0A004DDBE2 /* Project object */ = {
			isa = PBXProject;
			attributes = {
				LastSwiftUpdateCheck = 0920;
				LastUpgradeCheck = 0920;
				ORGANIZATIONNAME = aksvona;
				TargetAttributes = {
					44AD7F7E21370A0A004DDBE2 = {
						CreatedOnToolsVersion = 9.2;
						ProvisioningStyle = Automatic;
					};
					44AD7F9221370A0A004DDBE2 = {
						CreatedOnToolsVersion = 9.2;
						ProvisioningStyle = Automatic;
						TestTargetID = 44AD7F7E21370A0A004DDBE2;
					};
					44AD7F9D21370A0A004DDBE2 = {
						CreatedOnToolsVersion = 9.2;
						ProvisioningStyle = Automatic;
						TestTargetID = 44AD7F7E21370A0A004DDBE2;
					};
				};
			};
			buildConfigurationList = 44AD7F7A21370A0A004DDBE2 /* Build configuration list for PBXProject "SampleApp" */;
			compatibilityVersion = "Xcode 8.0";
			developmentRegion = en;
			hasScannedForEncodings = 0;
			knownRegions = (
				en,
				Base,
			);
			mainGroup = 44AD7F7621370A0A004DDBE2;
			productRefGroup = 44AD7F8021370A0A004DDBE2 /* Products */;
			projectDirPath = "";
			projectRoot = "";
			targets = (
				44AD7F7E21370A0A004DDBE2 /* SampleApp */,
				44AD7F9221370A0A004DDBE2 /* SampleAppTests */,
				44AD7F9D21370A0A004DDBE2 /* SampleAppUITests */,
			);
		};
/* End PBXProject section */

/* Begin PBXResourcesBuildPhase section */
		44AD7F7D21370A0A004DDBE2 /* Resources */ = {
			isa = PBXResourcesBuildPhase;
			buildActionMask = 2147483647;
			files = (
				44AD7F8D21370A0A004DDBE2 /* LaunchScreen.storyboard in Resources */,
				44AD7F8A21370A0A004DDBE2 /* Assets.xcassets in Resources */,
				44AD7F8821370A0A004DDBE2 /* Main.storyboard in Resources */,
			);
			runOnlyForDeploymentPostprocessing = 0;
		};
		44AD7F9121370A0A004DDBE2 /* Resources */ = {
			isa = PBXResourcesBuildPhase;
			buildActionMask = 2147483647;
			files = (
			);
			runOnlyForDeploymentPostprocessing = 0;
		};
		44AD7F9C21370A0A004DDBE2 /* Resources */ = {
			isa = PBXResourcesBuildPhase;
			buildActionMask = 2147483647;
			files = (
			);
			runOnlyForDeploymentPostprocessing = 0;
		};
/* End PBXResourcesBuildPhase section */

/* Begin PBXSourcesBuildPhase section */
		44AD7F7B21370A0A004DDBE2 /* Sources */ = {
			isa = PBXSourcesBuildPhase;
			buildActionMask = 2147483647;
			files = (
				44AD7FB721370FD3004DDBE2 /* ThingTableViewCell.swift in Sources */,
				44AD7FC021371AF4004DDBE2 /* APIServiceProvider.swift in Sources */,
				44AD7FBE21371A65004DDBE2 /* APIService.swift in Sources */,
				44AD7F8521370A0A004DDBE2 /* ThingsListViewController.swift in Sources */,
				44AD7FB221370C8C004DDBE2 /* Thing.swift in Sources */,
				44AD7F8321370A0A004DDBE2 /* AppDelegate.swift in Sources */,
				44AD7FB921371040004DDBE2 /* ThingViewModel.swift in Sources */,
				44AD7FBB21371056004DDBE2 /* ThingsListViewModel.swift in Sources */,
				44AD7FC321372451004DDBE2 /* Date+Extension.swift in Sources */,
			);
			runOnlyForDeploymentPostprocessing = 0;
		};
		44AD7F8F21370A0A004DDBE2 /* Sources */ = {
			isa = PBXSourcesBuildPhase;
			buildActionMask = 2147483647;
			files = (
				44AD7FC521372882004DDBE2 /* DateTimeAgoFormattingTests.swift in Sources */,
				44AD7F9821370A0A004DDBE2 /* SampleAppTests.swift in Sources */,
			);
			runOnlyForDeploymentPostprocessing = 0;
		};
		44AD7F9A21370A0A004DDBE2 /* Sources */ = {
			isa = PBXSourcesBuildPhase;
			buildActionMask = 2147483647;
			files = (
				44AD7FA321370A0B004DDBE2 /* SampleAppUITests.swift in Sources */,
			);
			runOnlyForDeploymentPostprocessing = 0;
		};
/* End PBXSourcesBuildPhase section */

/* Begin PBXTargetDependency section */
		44AD7F9521370A0A004DDBE2 /* PBXTargetDependency */ = {
			isa = PBXTargetDependency;
			target = 44AD7F7E21370A0A004DDBE2 /* SampleApp */;
			targetProxy = 44AD7F9421370A0A004DDBE2 /* PBXContainerItemProxy */;
		};
		44AD7FA021370A0B004DDBE2 /* PBXTargetDependency */ = {
			isa = PBXTargetDependency;
			target = 44AD7F7E21370A0A004DDBE2 /* SampleApp */;
			targetProxy = 44AD7F9F21370A0B004DDBE2 /* PBXContainerItemProxy */;
		};
/* End PBXTargetDependency section */

/* Begin PBXVariantGroup section */
		44AD7F8621370A0A004DDBE2 /* Main.storyboard */ = {
			isa = PBXVariantGroup;
			children = (
				44AD7F8721370A0A004DDBE2 /* Base */,
			);
			name = Main.storyboard;
			sourceTree = "<group>";
		};
		44AD7F8B21370A0A004DDBE2 /* LaunchScreen.storyboard */ = {
			isa = PBXVariantGroup;
			children = (
				44AD7F8C21370A0A004DDBE2 /* Base */,
			);
			name = LaunchScreen.storyboard;
			sourceTree = "<group>";
		};
/* End PBXVariantGroup section */

/* Begin XCBuildConfiguration section */
		44AD7FA521370A0B004DDBE2 /* Debug */ = {
			isa = XCBuildConfiguration;
			buildSettings = {
				ALWAYS_SEARCH_USER_PATHS = NO;
				CLANG_ANALYZER_NONNULL = YES;
				CLANG_ANALYZER_NUMBER_OBJECT_CONVERSION = YES_AGGRESSIVE;
				CLANG_CXX_LANGUAGE_STANDARD = "gnu++14";
				CLANG_CXX_LIBRARY = "libc++";
				CLANG_ENABLE_MODULES = YES;
				CLANG_ENABLE_OBJC_ARC = YES;
				CLANG_WARN_BLOCK_CAPTURE_AUTORELEASING = YES;
				CLANG_WARN_BOOL_CONVERSION = YES;
				CLANG_WARN_COMMA = YES;
				CLANG_WARN_CONSTANT_CONVERSION = YES;
				CLANG_WARN_DIRECT_OBJC_ISA_USAGE = YES_ERROR;
				CLANG_WARN_DOCUMENTATION_COMMENTS = YES;
				CLANG_WARN_EMPTY_BODY = YES;
				CLANG_WARN_ENUM_CONVERSION = YES;
				CLANG_WARN_INFINITE_RECURSION = YES;
				CLANG_WARN_INT_CONVERSION = YES;
				CLANG_WARN_NON_LITERAL_NULL_CONVERSION = YES;
				CLANG_WARN_OBJC_LITERAL_CONVERSION = YES;
				CLANG_WARN_OBJC_ROOT_CLASS = YES_ERROR;
				CLANG_WARN_RANGE_LOOP_ANALYSIS = YES;
				CLANG_WARN_STRICT_PROTOTYPES = YES;
				CLANG_WARN_SUSPICIOUS_MOVE = YES;
				CLANG_WARN_UNGUARDED_AVAILABILITY = YES_AGGRESSIVE;
				CLANG_WARN_UNREACHABLE_CODE = YES;
				CLANG_WARN__DUPLICATE_METHOD_MATCH = YES;
				CODE_SIGN_IDENTITY = "iPhone Developer";
				COPY_PHASE_STRIP = NO;
				DEBUG_INFORMATION_FORMAT = dwarf;
				ENABLE_STRICT_OBJC_MSGSEND = YES;
				ENABLE_TESTABILITY = YES;
				GCC_C_LANGUAGE_STANDARD = gnu11;
				GCC_DYNAMIC_NO_PIC = NO;
				GCC_NO_COMMON_BLOCKS = YES;
				GCC_OPTIMIZATION_LEVEL = 0;
				GCC_PREPROCESSOR_DEFINITIONS = (
					"DEBUG=1",
					"$(inherited)",
				);
				GCC_WARN_64_TO_32_BIT_CONVERSION = YES;
				GCC_WARN_ABOUT_RETURN_TYPE = YES_ERROR;
				GCC_WARN_UNDECLARED_SELECTOR = YES;
				GCC_WARN_UNINITIALIZED_AUTOS = YES_AGGRESSIVE;
				GCC_WARN_UNUSED_FUNCTION = YES;
				GCC_WARN_UNUSED_VARIABLE = YES;
				IPHONEOS_DEPLOYMENT_TARGET = 11.2;
				MTL_ENABLE_DEBUG_INFO = YES;
				ONLY_ACTIVE_ARCH = YES;
				SDKROOT = iphoneos;
				SWIFT_ACTIVE_COMPILATION_CONDITIONS = DEBUG;
				SWIFT_OPTIMIZATION_LEVEL = "-Onone";
			};
			name = Debug;
		};
		44AD7FA621370A0B004DDBE2 /* Release */ = {
			isa = XCBuildConfiguration;
			buildSettings = {
				ALWAYS_SEARCH_USER_PATHS = NO;
				CLANG_ANALYZER_NONNULL = YES;
				CLANG_ANALYZER_NUMBER_OBJECT_CONVERSION = YES_AGGRESSIVE;
				CLANG_CXX_LANGUAGE_STANDARD = "gnu++14";
				CLANG_CXX_LIBRARY = "libc++";
				CLANG_ENABLE_MODULES = YES;
				CLANG_ENABLE_OBJC_ARC = YES;
				CLANG_WARN_BLOCK_CAPTURE_AUTORELEASING = YES;
				CLANG_WARN_BOOL_CONVERSION = YES;
				CLANG_WARN_COMMA = YES;
				CLANG_WARN_CONSTANT_CONVERSION = YES;
				CLANG_WARN_DIRECT_OBJC_ISA_USAGE = YES_ERROR;
				CLANG_WARN_DOCUMENTATION_COMMENTS = YES;
				CLANG_WARN_EMPTY_BODY = YES;
				CLANG_WARN_ENUM_CONVERSION = YES;
				CLANG_WARN_INFINITE_RECURSION = YES;
				CLANG_WARN_INT_CONVERSION = YES;
				CLANG_WARN_NON_LITERAL_NULL_CONVERSION = YES;
				CLANG_WARN_OBJC_LITERAL_CONVERSION = YES;
				CLANG_WARN_OBJC_ROOT_CLASS = YES_ERROR;
				CLANG_WARN_RANGE_LOOP_ANALYSIS = YES;
				CLANG_WARN_STRICT_PROTOTYPES = YES;
				CLANG_WARN_SUSPICIOUS_MOVE = YES;
				CLANG_WARN_UNGUARDED_AVAILABILITY = YES_AGGRESSIVE;
				CLANG_WARN_UNREACHABLE_CODE = YES;
				CLANG_WARN__DUPLICATE_METHOD_MATCH = YES;
				CODE_SIGN_IDENTITY = "iPhone Developer";
				COPY_PHASE_STRIP = NO;
				DEBUG_INFORMATION_FORMAT = "dwarf-with-dsym";
				ENABLE_NS_ASSERTIONS = NO;
				ENABLE_STRICT_OBJC_MSGSEND = YES;
				GCC_C_LANGUAGE_STANDARD = gnu11;
				GCC_NO_COMMON_BLOCKS = YES;
				GCC_WARN_64_TO_32_BIT_CONVERSION = YES;
				GCC_WARN_ABOUT_RETURN_TYPE = YES_ERROR;
				GCC_WARN_UNDECLARED_SELECTOR = YES;
				GCC_WARN_UNINITIALIZED_AUTOS = YES_AGGRESSIVE;
				GCC_WARN_UNUSED_FUNCTION = YES;
				GCC_WARN_UNUSED_VARIABLE = YES;
				IPHONEOS_DEPLOYMENT_TARGET = 11.2;
				MTL_ENABLE_DEBUG_INFO = NO;
				SDKROOT = iphoneos;
				SWIFT_OPTIMIZATION_LEVEL = "-Owholemodule";
				VALIDATE_PRODUCT = YES;
			};
			name = Release;
		};
		44AD7FA821370A0B004DDBE2 /* Debug */ = {
			isa = XCBuildConfiguration;
			buildSettings = {
				ASSETCATALOG_COMPILER_APPICON_NAME = AppIcon;
				CODE_SIGN_STYLE = Automatic;
				DEVELOPMENT_TEAM = 7QRZKRH87P;
				INFOPLIST_FILE = SampleApp/Info.plist;
				LD_RUNPATH_SEARCH_PATHS = "$(inherited) @executable_path/Frameworks";
				PRODUCT_BUNDLE_IDENTIFIER = com.kate.SampleApp;
				PRODUCT_NAME = "$(TARGET_NAME)";
				SWIFT_VERSION = 4.0;
				TARGETED_DEVICE_FAMILY = "1,2";
			};
			name = Debug;
		};
		44AD7FA921370A0B004DDBE2 /* Release */ = {
			isa = XCBuildConfiguration;
			buildSettings = {
				ASSETCATALOG_COMPILER_APPICON_NAME = AppIcon;
				CODE_SIGN_STYLE = Automatic;
				DEVELOPMENT_TEAM = 7QRZKRH87P;
				INFOPLIST_FILE = SampleApp/Info.plist;
				LD_RUNPATH_SEARCH_PATHS = "$(inherited) @executable_path/Frameworks";
				PRODUCT_BUNDLE_IDENTIFIER = com.kate.SampleApp;
				PRODUCT_NAME = "$(TARGET_NAME)";
				SWIFT_VERSION = 4.0;
				TARGETED_DEVICE_FAMILY = "1,2";
			};
			name = Release;
		};
		44AD7FAB21370A0B004DDBE2 /* Debug */ = {
			isa = XCBuildConfiguration;
			buildSettings = {
				ALWAYS_EMBED_SWIFT_STANDARD_LIBRARIES = YES;
				BUNDLE_LOADER = "$(TEST_HOST)";
				CODE_SIGN_STYLE = Automatic;
				DEVELOPMENT_TEAM = 7QRZKRH87P;
				INFOPLIST_FILE = SampleAppTests/Info.plist;
				LD_RUNPATH_SEARCH_PATHS = "$(inherited) @executable_path/Frameworks @loader_path/Frameworks";
				PRODUCT_BUNDLE_IDENTIFIER = com.kate.SampleAppTests;
				PRODUCT_NAME = "$(TARGET_NAME)";
				SWIFT_VERSION = 4.0;
				TARGETED_DEVICE_FAMILY = "1,2";
				TEST_HOST = "$(BUILT_PRODUCTS_DIR)/SampleApp.app/SampleApp";
			};
			name = Debug;
		};
		44AD7FAC21370A0B004DDBE2 /* Release */ = {
			isa = XCBuildConfiguration;
			buildSettings = {
				ALWAYS_EMBED_SWIFT_STANDARD_LIBRARIES = YES;
				BUNDLE_LOADER = "$(TEST_HOST)";
				CODE_SIGN_STYLE = Automatic;
				DEVELOPMENT_TEAM = 7QRZKRH87P;
				INFOPLIST_FILE = SampleAppTests/Info.plist;
				LD_RUNPATH_SEARCH_PATHS = "$(inherited) @executable_path/Frameworks @loader_path/Frameworks";
				PRODUCT_BUNDLE_IDENTIFIER = com.kate.SampleAppTests;
				PRODUCT_NAME = "$(TARGET_NAME)";
				SWIFT_VERSION = 4.0;
				TARGETED_DEVICE_FAMILY = "1,2";
				TEST_HOST = "$(BUILT_PRODUCTS_DIR)/SampleApp.app/SampleApp";
			};
			name = Release;
		};
		44AD7FAE21370A0B004DDBE2 /* Debug */ = {
			isa = XCBuildConfiguration;
			buildSettings = {
				ALWAYS_EMBED_SWIFT_STANDARD_LIBRARIES = YES;
				CODE_SIGN_STYLE = Automatic;
				DEVELOPMENT_TEAM = 7QRZKRH87P;
				INFOPLIST_FILE = SampleAppUITests/Info.plist;
				LD_RUNPATH_SEARCH_PATHS = "$(inherited) @executable_path/Frameworks @loader_path/Frameworks";
				PRODUCT_BUNDLE_IDENTIFIER = com.kate.SampleAppUITests;
				PRODUCT_NAME = "$(TARGET_NAME)";
				SWIFT_VERSION = 4.0;
				TARGETED_DEVICE_FAMILY = "1,2";
				TEST_TARGET_NAME = SampleApp;
			};
			name = Debug;
		};
		44AD7FAF21370A0B004DDBE2 /* Release */ = {
			isa = XCBuildConfiguration;
			buildSettings = {
				ALWAYS_EMBED_SWIFT_STANDARD_LIBRARIES = YES;
				CODE_SIGN_STYLE = Automatic;
				DEVELOPMENT_TEAM = 7QRZKRH87P;
				INFOPLIST_FILE = SampleAppUITests/Info.plist;
				LD_RUNPATH_SEARCH_PATHS = "$(inherited) @executable_path/Frameworks @loader_path/Frameworks";
				PRODUCT_BUNDLE_IDENTIFIER = com.kate.SampleAppUITests;
				PRODUCT_NAME = "$(TARGET_NAME)";
				SWIFT_VERSION = 4.0;
				TARGETED_DEVICE_FAMILY = "1,2";
				TEST_TARGET_NAME = SampleApp;
			};
			name = Release;
		};
/* End XCBuildConfiguration section */

/* Begin XCConfigurationList section */
		44AD7F7A21370A0A004DDBE2 /* Build configuration list for PBXProject "SampleApp" */ = {
			isa = XCConfigurationList;
			buildConfigurations = (
				44AD7FA521370A0B004DDBE2 /* Debug */,
				44AD7FA621370A0B004DDBE2 /* Release */,
			);
			defaultConfigurationIsVisible = 0;
			defaultConfigurationName = Release;
		};
		44AD7FA721370A0B004DDBE2 /* Build configuration list for PBXNativeTarget "SampleApp" */ = {
			isa = XCConfigurationList;
			buildConfigurations = (
				44AD7FA821370A0B004DDBE2 /* Debug */,
				44AD7FA921370A0B004DDBE2 /* Release */,
			);
			defaultConfigurationIsVisible = 0;
			defaultConfigurationName = Release;
		};
		44AD7FAA21370A0B004DDBE2 /* Build configuration list for PBXNativeTarget "SampleAppTests" */ = {
			isa = XCConfigurationList;
			buildConfigurations = (
				44AD7FAB21370A0B004DDBE2 /* Debug */,
				44AD7FAC21370A0B004DDBE2 /* Release */,
			);
			defaultConfigurationIsVisible = 0;
			defaultConfigurationName = Release;
		};
		44AD7FAD21370A0B004DDBE2 /* Build configuration list for PBXNativeTarget "SampleAppUITests" */ = {
			isa = XCConfigurationList;
			buildConfigurations = (
				44AD7FAE21370A0B004DDBE2 /* Debug */,
				44AD7FAF21370A0B004DDBE2 /* Release */,
			);
			defaultConfigurationIsVisible = 0;
			defaultConfigurationName = Release;
		};
/* End XCConfigurationList section */
	};
	rootObject = 44AD7F7721370A0A004DDBE2 /* Project object */;
}
